// !$*UTF8*$!
{
	archiveVersion = 1;
	classes = {
	};
	objectVersion = 77;
	objects = {

/* Begin PBXContainerItemProxy section */
		865A7B6B2D1165DF00524862 /* PBXContainerItemProxy */ = {
			isa = PBXContainerItemProxy;
			containerPortal = 865A7B502D1165DE00524862 /* Project object */;
			proxyType = 1;
			remoteGlobalIDString = 865A7B572D1165DE00524862;
			remoteInfo = "Mind's Eye";
		};
		865A7B752D1165DF00524862 /* PBXContainerItemProxy */ = {
			isa = PBXContainerItemProxy;
			containerPortal = 865A7B502D1165DE00524862 /* Project object */;
			proxyType = 1;
			remoteGlobalIDString = 865A7B572D1165DE00524862;
			remoteInfo = "Mind's Eye";
		};
/* End PBXContainerItemProxy section */

/* Begin PBXFileReference section */
		865A7B582D1165DE00524862 /* Mind's Eye.app */ = {isa = PBXFileReference; explicitFileType = wrapper.application; includeInIndex = 0; path = "Mind's Eye.app"; sourceTree = BUILT_PRODUCTS_DIR; };
		865A7B6A2D1165DF00524862 /* Mind's EyeTests.xctest */ = {isa = PBXFileReference; explicitFileType = wrapper.cfbundle; includeInIndex = 0; path = "Mind's EyeTests.xctest"; sourceTree = BUILT_PRODUCTS_DIR; };
		865A7B742D1165DF00524862 /* Mind's EyeUITests.xctest */ = {isa = PBXFileReference; explicitFileType = wrapper.cfbundle; includeInIndex = 0; path = "Mind's EyeUITests.xctest"; sourceTree = BUILT_PRODUCTS_DIR; };
/* End PBXFileReference section */

/* Begin PBXFileSystemSynchronizedRootGroup section */
		8017F97D2D1C026100E79819 /* ar.lproj */ = {
			isa = PBXFileSystemSynchronizedRootGroup;
			path = ar.lproj;
			sourceTree = "<group>";
		};
		865A7B5A2D1165DE00524862 /* Mind's Eye */ = {
			isa = PBXFileSystemSynchronizedRootGroup;
			path = "Mind's Eye";
			sourceTree = "<group>";
		};
		865A7B6D2D1165DF00524862 /* Mind's EyeTests */ = {
			isa = PBXFileSystemSynchronizedRootGroup;
			path = "Mind's EyeTests";
			sourceTree = "<group>";
		};
		865A7B772D1165DF00524862 /* Mind's EyeUITests */ = {
			isa = PBXFileSystemSynchronizedRootGroup;
			path = "Mind's EyeUITests";
			sourceTree = "<group>";
		};
/* End PBXFileSystemSynchronizedRootGroup section */

/* Begin PBXFrameworksBuildPhase section */
		865A7B552D1165DE00524862 /* Frameworks */ = {
			isa = PBXFrameworksBuildPhase;
			buildActionMask = 2147483647;
			files = (
			);
			runOnlyForDeploymentPostprocessing = 0;
		};
		865A7B672D1165DF00524862 /* Frameworks */ = {
			isa = PBXFrameworksBuildPhase;
			buildActionMask = 2147483647;
			files = (
			);
			runOnlyForDeploymentPostprocessing = 0;
		};
		865A7B712D1165DF00524862 /* Frameworks */ = {
			isa = PBXFrameworksBuildPhase;
			buildActionMask = 2147483647;
			files = (
			);
			runOnlyForDeploymentPostprocessing = 0;
		};
/* End PBXFrameworksBuildPhase section */

/* Begin PBXGroup section */
		865A7B4F2D1165DE00524862 = {
			isa = PBXGroup;
			children = (
				8017F97D2D1C026100E79819 /* ar.lproj */,
				865A7B5A2D1165DE00524862 /* Mind's Eye */,
				865A7B6D2D1165DF00524862 /* Mind's EyeTests */,
				865A7B772D1165DF00524862 /* Mind's EyeUITests */,
				865A7B592D1165DE00524862 /* Products */,
			);
			sourceTree = "<group>";
		};
		865A7B592D1165DE00524862 /* Products */ = {
			isa = PBXGroup;
			children = (
				865A7B582D1165DE00524862 /* Mind's Eye.app */,
				865A7B6A2D1165DF00524862 /* Mind's EyeTests.xctest */,
				865A7B742D1165DF00524862 /* Mind's EyeUITests.xctest */,
			);
			name = Products;
			sourceTree = "<group>";
		};
/* End PBXGroup section */

/* Begin PBXNativeTarget section */
		865A7B572D1165DE00524862 /* Mind's Eye */ = {
			isa = PBXNativeTarget;
			buildConfigurationList = 865A7B7E2D1165DF00524862 /* Build configuration list for PBXNativeTarget "Mind's Eye" */;
			buildPhases = (
				865A7B542D1165DE00524862 /* Sources */,
				865A7B552D1165DE00524862 /* Frameworks */,
				865A7B562D1165DE00524862 /* Resources */,
			);
			buildRules = (
			);
			dependencies = (
			);
			fileSystemSynchronizedGroups = (
				8017F97D2D1C026100E79819 /* ar.lproj */,
				865A7B5A2D1165DE00524862 /* Mind's Eye */,
			);
			name = "Mind's Eye";
			packageProductDependencies = (
			);
			productName = "Mind's Eye";
			productReference = 865A7B582D1165DE00524862 /* Mind's Eye.app */;
			productType = "com.apple.product-type.application";
		};
		865A7B692D1165DF00524862 /* Mind's EyeTests */ = {
			isa = PBXNativeTarget;
			buildConfigurationList = 865A7B812D1165DF00524862 /* Build configuration list for PBXNativeTarget "Mind's EyeTests" */;
			buildPhases = (
				865A7B662D1165DF00524862 /* Sources */,
				865A7B672D1165DF00524862 /* Frameworks */,
				865A7B682D1165DF00524862 /* Resources */,
			);
			buildRules = (
			);
			dependencies = (
				865A7B6C2D1165DF00524862 /* PBXTargetDependency */,
			);
			fileSystemSynchronizedGroups = (
				865A7B6D2D1165DF00524862 /* Mind's EyeTests */,
			);
			name = "Mind's EyeTests";
			packageProductDependencies = (
			);
			productName = "Mind's EyeTests";
			productReference = 865A7B6A2D1165DF00524862 /* Mind's EyeTests.xctest */;
			productType = "com.apple.product-type.bundle.unit-test";
		};
		865A7B732D1165DF00524862 /* Mind's EyeUITests */ = {
			isa = PBXNativeTarget;
			buildConfigurationList = 865A7B842D1165DF00524862 /* Build configuration list for PBXNativeTarget "Mind's EyeUITests" */;
			buildPhases = (
				865A7B702D1165DF00524862 /* Sources */,
				865A7B712D1165DF00524862 /* Frameworks */,
				865A7B722D1165DF00524862 /* Resources */,
			);
			buildRules = (
			);
			dependencies = (
				865A7B762D1165DF00524862 /* PBXTargetDependency */,
			);
			fileSystemSynchronizedGroups = (
				865A7B772D1165DF00524862 /* Mind's EyeUITests */,
			);
			name = "Mind's EyeUITests";
			packageProductDependencies = (
			);
			productName = "Mind's EyeUITests";
			productReference = 865A7B742D1165DF00524862 /* Mind's EyeUITests.xctest */;
			productType = "com.apple.product-type.bundle.ui-testing";
		};
/* End PBXNativeTarget section */

/* Begin PBXProject section */
		865A7B502D1165DE00524862 /* Project object */ = {
			isa = PBXProject;
			attributes = {
				BuildIndependentTargetsInParallel = 1;
				LastSwiftUpdateCheck = 1600;
				LastUpgradeCheck = 1620;
				TargetAttributes = {
					865A7B572D1165DE00524862 = {
						CreatedOnToolsVersion = 16.0;
					};
					865A7B692D1165DF00524862 = {
						CreatedOnToolsVersion = 16.0;
						TestTargetID = 865A7B572D1165DE00524862;
					};
					865A7B732D1165DF00524862 = {
						CreatedOnToolsVersion = 16.0;
						TestTargetID = 865A7B572D1165DE00524862;
					};
				};
			};
			buildConfigurationList = 865A7B532D1165DE00524862 /* Build configuration list for PBXProject "Mind's Eye" */;
			developmentRegion = en;
			hasScannedForEncodings = 0;
			knownRegions = (
				en,
				Base,
				ar,
			);
			mainGroup = 865A7B4F2D1165DE00524862;
			minimizedProjectReferenceProxies = 1;
			preferredProjectObjectVersion = 77;
			productRefGroup = 865A7B592D1165DE00524862 /* Products */;
			projectDirPath = "";
			projectRoot = "";
			targets = (
				865A7B572D1165DE00524862 /* Mind's Eye */,
				865A7B692D1165DF00524862 /* Mind's EyeTests */,
				865A7B732D1165DF00524862 /* Mind's EyeUITests */,
			);
		};
/* End PBXProject section */

/* Begin PBXResourcesBuildPhase section */
		865A7B562D1165DE00524862 /* Resources */ = {
			isa = PBXResourcesBuildPhase;
			buildActionMask = 2147483647;
			files = (
			);
			runOnlyForDeploymentPostprocessing = 0;
		};
		865A7B682D1165DF00524862 /* Resources */ = {
			isa = PBXResourcesBuildPhase;
			buildActionMask = 2147483647;
			files = (
			);
			runOnlyForDeploymentPostprocessing = 0;
		};
		865A7B722D1165DF00524862 /* Resources */ = {
			isa = PBXResourcesBuildPhase;
			buildActionMask = 2147483647;
			files = (
			);
			runOnlyForDeploymentPostprocessing = 0;
		};
/* End PBXResourcesBuildPhase section */

/* Begin PBXSourcesBuildPhase section */
		865A7B542D1165DE00524862 /* Sources */ = {
			isa = PBXSourcesBuildPhase;
			buildActionMask = 2147483647;
			files = (
			);
			runOnlyForDeploymentPostprocessing = 0;
		};
		865A7B662D1165DF00524862 /* Sources */ = {
			isa = PBXSourcesBuildPhase;
			buildActionMask = 2147483647;
			files = (
			);
			runOnlyForDeploymentPostprocessing = 0;
		};
		865A7B702D1165DF00524862 /* Sources */ = {
			isa = PBXSourcesBuildPhase;
			buildActionMask = 2147483647;
			files = (
			);
			runOnlyForDeploymentPostprocessing = 0;
		};
/* End PBXSourcesBuildPhase section */

/* Begin PBXTargetDependency section */
		865A7B6C2D1165DF00524862 /* PBXTargetDependency */ = {
			isa = PBXTargetDependency;
			target = 865A7B572D1165DE00524862 /* Mind's Eye */;
			targetProxy = 865A7B6B2D1165DF00524862 /* PBXContainerItemProxy */;
		};
		865A7B762D1165DF00524862 /* PBXTargetDependency */ = {
			isa = PBXTargetDependency;
			target = 865A7B572D1165DE00524862 /* Mind's Eye */;
			targetProxy = 865A7B752D1165DF00524862 /* PBXContainerItemProxy */;
		};
/* End PBXTargetDependency section */

/* Begin XCBuildConfiguration section */
		865A7B7C2D1165DF00524862 /* Debug */ = {
			isa = XCBuildConfiguration;
			buildSettings = {
				ALWAYS_SEARCH_USER_PATHS = NO;
				ASSETCATALOG_COMPILER_GENERATE_SWIFT_ASSET_SYMBOL_EXTENSIONS = YES;
				CLANG_ANALYZER_LOCALIZABILITY_NONLOCALIZED = YES;
				CLANG_ANALYZER_NONNULL = YES;
				CLANG_ANALYZER_NUMBER_OBJECT_CONVERSION = YES_AGGRESSIVE;
				CLANG_CXX_LANGUAGE_STANDARD = "gnu++20";
				CLANG_ENABLE_MODULES = YES;
				CLANG_ENABLE_OBJC_ARC = YES;
				CLANG_ENABLE_OBJC_WEAK = YES;
				CLANG_WARN_BLOCK_CAPTURE_AUTORELEASING = YES;
				CLANG_WARN_BOOL_CONVERSION = YES;
				CLANG_WARN_COMMA = YES;
				CLANG_WARN_CONSTANT_CONVERSION = YES;
				CLANG_WARN_DEPRECATED_OBJC_IMPLEMENTATIONS = YES;
				CLANG_WARN_DIRECT_OBJC_ISA_USAGE = YES_ERROR;
				CLANG_WARN_DOCUMENTATION_COMMENTS = YES;
				CLANG_WARN_EMPTY_BODY = YES;
				CLANG_WARN_ENUM_CONVERSION = YES;
				CLANG_WARN_INFINITE_RECURSION = YES;
				CLANG_WARN_INT_CONVERSION = YES;
				CLANG_WARN_NON_LITERAL_NULL_CONVERSION = YES;
				CLANG_WARN_OBJC_IMPLICIT_RETAIN_SELF = YES;
				CLANG_WARN_OBJC_LITERAL_CONVERSION = YES;
				CLANG_WARN_OBJC_ROOT_CLASS = YES_ERROR;
				CLANG_WARN_QUOTED_INCLUDE_IN_FRAMEWORK_HEADER = YES;
				CLANG_WARN_RANGE_LOOP_ANALYSIS = YES;
				CLANG_WARN_STRICT_PROTOTYPES = YES;
				CLANG_WARN_SUSPICIOUS_MOVE = YES;
				CLANG_WARN_UNGUARDED_AVAILABILITY = YES_AGGRESSIVE;
				CLANG_WARN_UNREACHABLE_CODE = YES;
				CLANG_WARN__DUPLICATE_METHOD_MATCH = YES;
				COPY_PHASE_STRIP = NO;
				DEBUG_INFORMATION_FORMAT = dwarf;
				ENABLE_STRICT_OBJC_MSGSEND = YES;
				ENABLE_TESTABILITY = YES;
				ENABLE_USER_SCRIPT_SANDBOXING = YES;
				GCC_C_LANGUAGE_STANDARD = gnu17;
				GCC_DYNAMIC_NO_PIC = NO;
				GCC_NO_COMMON_BLOCKS = YES;
				GCC_OPTIMIZATION_LEVEL = 0;
				GCC_PREPROCESSOR_DEFINITIONS = (
					"DEBUG=1",
					"$(inherited)",
				);
				GCC_WARN_64_TO_32_BIT_CONVERSION = YES;
				GCC_WARN_ABOUT_RETURN_TYPE = YES_ERROR;
				GCC_WARN_UNDECLARED_SELECTOR = YES;
				GCC_WARN_UNINITIALIZED_AUTOS = YES_AGGRESSIVE;
				GCC_WARN_UNUSED_FUNCTION = YES;
				GCC_WARN_UNUSED_VARIABLE = YES;
				IPHONEOS_DEPLOYMENT_TARGET = 18.0;
				LOCALIZATION_PREFERS_STRING_CATALOGS = YES;
				MTL_ENABLE_DEBUG_INFO = INCLUDE_SOURCE;
				MTL_FAST_MATH = YES;
				ONLY_ACTIVE_ARCH = YES;
				SDKROOT = iphoneos;
				SWIFT_ACTIVE_COMPILATION_CONDITIONS = "DEBUG $(inherited)";
				SWIFT_EMIT_LOC_STRINGS = YES;
				SWIFT_OPTIMIZATION_LEVEL = "-Onone";
			};
			name = Debug;
		};
		865A7B7D2D1165DF00524862 /* Release */ = {
			isa = XCBuildConfiguration;
			buildSettings = {
				ALWAYS_SEARCH_USER_PATHS = NO;
				ASSETCATALOG_COMPILER_GENERATE_SWIFT_ASSET_SYMBOL_EXTENSIONS = YES;
				CLANG_ANALYZER_LOCALIZABILITY_NONLOCALIZED = YES;
				CLANG_ANALYZER_NONNULL = YES;
				CLANG_ANALYZER_NUMBER_OBJECT_CONVERSION = YES_AGGRESSIVE;
				CLANG_CXX_LANGUAGE_STANDARD = "gnu++20";
				CLANG_ENABLE_MODULES = YES;
				CLANG_ENABLE_OBJC_ARC = YES;
				CLANG_ENABLE_OBJC_WEAK = YES;
				CLANG_WARN_BLOCK_CAPTURE_AUTORELEASING = YES;
				CLANG_WARN_BOOL_CONVERSION = YES;
				CLANG_WARN_COMMA = YES;
				CLANG_WARN_CONSTANT_CONVERSION = YES;
				CLANG_WARN_DEPRECATED_OBJC_IMPLEMENTATIONS = YES;
				CLANG_WARN_DIRECT_OBJC_ISA_USAGE = YES_ERROR;
				CLANG_WARN_DOCUMENTATION_COMMENTS = YES;
				CLANG_WARN_EMPTY_BODY = YES;
				CLANG_WARN_ENUM_CONVERSION = YES;
				CLANG_WARN_INFINITE_RECURSION = YES;
				CLANG_WARN_INT_CONVERSION = YES;
				CLANG_WARN_NON_LITERAL_NULL_CONVERSION = YES;
				CLANG_WARN_OBJC_IMPLICIT_RETAIN_SELF = YES;
				CLANG_WARN_OBJC_LITERAL_CONVERSION = YES;
				CLANG_WARN_OBJC_ROOT_CLASS = YES_ERROR;
				CLANG_WARN_QUOTED_INCLUDE_IN_FRAMEWORK_HEADER = YES;
				CLANG_WARN_RANGE_LOOP_ANALYSIS = YES;
				CLANG_WARN_STRICT_PROTOTYPES = YES;
				CLANG_WARN_SUSPICIOUS_MOVE = YES;
				CLANG_WARN_UNGUARDED_AVAILABILITY = YES_AGGRESSIVE;
				CLANG_WARN_UNREACHABLE_CODE = YES;
				CLANG_WARN__DUPLICATE_METHOD_MATCH = YES;
				COPY_PHASE_STRIP = NO;
				DEBUG_INFORMATION_FORMAT = "dwarf-with-dsym";
				ENABLE_NS_ASSERTIONS = NO;
				ENABLE_STRICT_OBJC_MSGSEND = YES;
				ENABLE_USER_SCRIPT_SANDBOXING = YES;
				GCC_C_LANGUAGE_STANDARD = gnu17;
				GCC_NO_COMMON_BLOCKS = YES;
				GCC_WARN_64_TO_32_BIT_CONVERSION = YES;
				GCC_WARN_ABOUT_RETURN_TYPE = YES_ERROR;
				GCC_WARN_UNDECLARED_SELECTOR = YES;
				GCC_WARN_UNINITIALIZED_AUTOS = YES_AGGRESSIVE;
				GCC_WARN_UNUSED_FUNCTION = YES;
				GCC_WARN_UNUSED_VARIABLE = YES;
				IPHONEOS_DEPLOYMENT_TARGET = 18.0;
				LOCALIZATION_PREFERS_STRING_CATALOGS = YES;
				MTL_ENABLE_DEBUG_INFO = NO;
				MTL_FAST_MATH = YES;
				SDKROOT = iphoneos;
				SWIFT_COMPILATION_MODE = wholemodule;
				SWIFT_EMIT_LOC_STRINGS = YES;
				VALIDATE_PRODUCT = YES;
			};
			name = Release;
		};
		865A7B7F2D1165DF00524862 /* Debug */ = {
			isa = XCBuildConfiguration;
			buildSettings = {
				ASSETCATALOG_COMPILER_APPICON_NAME = AppIcon;
				ASSETCATALOG_COMPILER_GLOBAL_ACCENT_COLOR_NAME = AccentColor;
				CODE_SIGN_STYLE = Automatic;
				CURRENT_PROJECT_VERSION = 1;
				DEVELOPMENT_ASSET_PATHS = "\"Mind's Eye/Preview Content\"";
				DEVELOPMENT_TEAM = W2A87VS22G;
				ENABLE_PREVIEWS = YES;
				GENERATE_INFOPLIST_FILE = YES;
				INFOPLIST_FILE = "Mind-s-Eye-Info.plist";
				INFOPLIST_KEY_LSApplicationCategoryType = "";
				INFOPLIST_KEY_UIApplicationSceneManifest_Generation = YES;
				INFOPLIST_KEY_UIApplicationSupportsIndirectInputEvents = YES;
				INFOPLIST_KEY_UILaunchScreen_Generation = YES;
				INFOPLIST_KEY_UISupportedInterfaceOrientations_iPad = "UIInterfaceOrientationPortrait UIInterfaceOrientationPortraitUpsideDown UIInterfaceOrientationLandscapeLeft UIInterfaceOrientationLandscapeRight";
				INFOPLIST_KEY_UISupportedInterfaceOrientations_iPhone = "UIInterfaceOrientationPortrait UIInterfaceOrientationLandscapeLeft UIInterfaceOrientationLandscapeRight";
				LD_RUNPATH_SEARCH_PATHS = (
					"$(inherited)",
					"@executable_path/Frameworks",
				);
				MARKETING_VERSION = 1.0;
				PRODUCT_BUNDLE_IDENTIFIER = "com.Proj4.Mind-s-Eye";
				PRODUCT_NAME = "$(TARGET_NAME)";
				SWIFT_EMIT_LOC_STRINGS = YES;
				SWIFT_VERSION = 5.0;
				TARGETED_DEVICE_FAMILY = "1,2";
			};
			name = Debug;
		};
		865A7B802D1165DF00524862 /* Release */ = {
			isa = XCBuildConfiguration;
			buildSettings = {
				ASSETCATALOG_COMPILER_APPICON_NAME = AppIcon;
				ASSETCATALOG_COMPILER_GLOBAL_ACCENT_COLOR_NAME = AccentColor;
				CODE_SIGN_STYLE = Automatic;
				CURRENT_PROJECT_VERSION = 1;
				DEVELOPMENT_ASSET_PATHS = "\"Mind's Eye/Preview Content\"";
				DEVELOPMENT_TEAM = W2A87VS22G;
				ENABLE_PREVIEWS = YES;
				GENERATE_INFOPLIST_FILE = YES;
				INFOPLIST_FILE = "Mind-s-Eye-Info.plist";
				INFOPLIST_KEY_LSApplicationCategoryType = "";
				INFOPLIST_KEY_UIApplicationSceneManifest_Generation = YES;
				INFOPLIST_KEY_UIApplicationSupportsIndirectInputEvents = YES;
				INFOPLIST_KEY_UILaunchScreen_Generation = YES;
				INFOPLIST_KEY_UISupportedInterfaceOrientations_iPad = "UIInterfaceOrientationPortrait UIInterfaceOrientationPortraitUpsideDown UIInterfaceOrientationLandscapeLeft UIInterfaceOrientationLandscapeRight";
				INFOPLIST_KEY_UISupportedInterfaceOrientations_iPhone = "UIInterfaceOrientationPortrait UIInterfaceOrientationLandscapeLeft UIInterfaceOrientationLandscapeRight";
				LD_RUNPATH_SEARCH_PATHS = (
					"$(inherited)",
					"@executable_path/Frameworks",
				);
				MARKETING_VERSION = 1.0;
				PRODUCT_BUNDLE_IDENTIFIER = "com.Proj4.Mind-s-Eye";
				PRODUCT_NAME = "$(TARGET_NAME)";
				SWIFT_EMIT_LOC_STRINGS = YES;
				SWIFT_VERSION = 5.0;
				TARGETED_DEVICE_FAMILY = "1,2";
			};
			name = Release;
		};
		865A7B822D1165DF00524862 /* Debug */ = {
			isa = XCBuildConfiguration;
			buildSettings = {
				BUNDLE_LOADER = "$(TEST_HOST)";
				CODE_SIGN_STYLE = Automatic;
				CURRENT_PROJECT_VERSION = 1;
				GENERATE_INFOPLIST_FILE = YES;
				IPHONEOS_DEPLOYMENT_TARGET = 18.0;
				MARKETING_VERSION = 1.0;
				PRODUCT_BUNDLE_IDENTIFIER = "com.Proj4.Mind-s-EyeTests";
				PRODUCT_NAME = "$(TARGET_NAME)";
				SWIFT_EMIT_LOC_STRINGS = NO;
				SWIFT_VERSION = 5.0;
				TARGETED_DEVICE_FAMILY = "1,2";
				TEST_HOST = "$(BUILT_PRODUCTS_DIR)/Mind's Eye.app/$(BUNDLE_EXECUTABLE_FOLDER_PATH)/Mind's Eye";
			};
			name = Debug;
		};
		865A7B832D1165DF00524862 /* Release */ = {
			isa = XCBuildConfiguration;
			buildSettings = {
				BUNDLE_LOADER = "$(TEST_HOST)";
				CODE_SIGN_STYLE = Automatic;
				CURRENT_PROJECT_VERSION = 1;
				GENERATE_INFOPLIST_FILE = YES;
				IPHONEOS_DEPLOYMENT_TARGET = 18.0;
				MARKETING_VERSION = 1.0;
				PRODUCT_BUNDLE_IDENTIFIER = "com.Proj4.Mind-s-EyeTests";
				PRODUCT_NAME = "$(TARGET_NAME)";
				SWIFT_EMIT_LOC_STRINGS = NO;
				SWIFT_VERSION = 5.0;
				TARGETED_DEVICE_FAMILY = "1,2";
				TEST_HOST = "$(BUILT_PRODUCTS_DIR)/Mind's Eye.app/$(BUNDLE_EXECUTABLE_FOLDER_PATH)/Mind's Eye";
			};
			name = Release;
		};
		865A7B852D1165DF00524862 /* Debug */ = {
			isa = XCBuildConfiguration;
			buildSettings = {
				CODE_SIGN_STYLE = Automatic;
				CURRENT_PROJECT_VERSION = 1;
				GENERATE_INFOPLIST_FILE = YES;
				MARKETING_VERSION = 1.0;
				PRODUCT_BUNDLE_IDENTIFIER = "com.Proj4.Mind-s-EyeUITests";
				PRODUCT_NAME = "$(TARGET_NAME)";
				SWIFT_EMIT_LOC_STRINGS = NO;
				SWIFT_VERSION = 5.0;
				TARGETED_DEVICE_FAMILY = "1,2";
				TEST_TARGET_NAME = "Mind's Eye";
			};
			name = Debug;
		};
		865A7B862D1165DF00524862 /* Release */ = {
			isa = XCBuildConfiguration;
			buildSettings = {
				CODE_SIGN_STYLE = Automatic;
				CURRENT_PROJECT_VERSION = 1;
				GENERATE_INFOPLIST_FILE = YES;
				MARKETING_VERSION = 1.0;
				PRODUCT_BUNDLE_IDENTIFIER = "com.Proj4.Mind-s-EyeUITests";
				PRODUCT_NAME = "$(TARGET_NAME)";
				SWIFT_EMIT_LOC_STRINGS = NO;
				SWIFT_VERSION = 5.0;
				TARGETED_DEVICE_FAMILY = "1,2";
				TEST_TARGET_NAME = "Mind's Eye";
			};
			name = Release;
		};
/* End XCBuildConfiguration section */

/* Begin XCConfigurationList section */
		865A7B532D1165DE00524862 /* Build configuration list for PBXProject "Mind's Eye" */ = {
			isa = XCConfigurationList;
			buildConfigurations = (
				865A7B7C2D1165DF00524862 /* Debug */,
				865A7B7D2D1165DF00524862 /* Release */,
			);
			defaultConfigurationIsVisible = 0;
			defaultConfigurationName = Release;
		};
		865A7B7E2D1165DF00524862 /* Build configuration list for PBXNativeTarget "Mind's Eye" */ = {
			isa = XCConfigurationList;
			buildConfigurations = (
				865A7B7F2D1165DF00524862 /* Debug */,
				865A7B802D1165DF00524862 /* Release */,
			);
			defaultConfigurationIsVisible = 0;
			defaultConfigurationName = Release;
		};
		865A7B812D1165DF00524862 /* Build configuration list for PBXNativeTarget "Mind's EyeTests" */ = {
			isa = XCConfigurationList;
			buildConfigurations = (
				865A7B822D1165DF00524862 /* Debug */,
				865A7B832D1165DF00524862 /* Release */,
			);
			defaultConfigurationIsVisible = 0;
			defaultConfigurationName = Release;
		};
		865A7B842D1165DF00524862 /* Build configuration list for PBXNativeTarget "Mind's EyeUITests" */ = {
			isa = XCConfigurationList;
			buildConfigurations = (
				865A7B852D1165DF00524862 /* Debug */,
				865A7B862D1165DF00524862 /* Release */,
			);
			defaultConfigurationIsVisible = 0;
			defaultConfigurationName = Release;
		};
/* End XCConfigurationList section */
	};
	rootObject = 865A7B502D1165DE00524862 /* Project object */;
}
